// !$*UTF8*$!
{
	archiveVersion = 1;
	classes = {
	};
	objectVersion = 46;
	objects = {

/* Begin PBXBuildFile section */
		15055E4213913F0A003DE49F /* UIKit.framework in Frameworks */ = {isa = PBXBuildFile; fileRef = 15055E4113913F0A003DE49F /* UIKit.framework */; };
		15055E4413913F0A003DE49F /* Foundation.framework in Frameworks */ = {isa = PBXBuildFile; fileRef = 15055E4313913F0A003DE49F /* Foundation.framework */; };
		15055E4613913F0A003DE49F /* CoreGraphics.framework in Frameworks */ = {isa = PBXBuildFile; fileRef = 15055E4513913F0A003DE49F /* CoreGraphics.framework */; };
		15055E4C13913F0A003DE49F /* InfoPlist.strings in Resources */ = {isa = PBXBuildFile; fileRef = 15055E4A13913F0A003DE49F /* InfoPlist.strings */; };
		15055E4F13913F0A003DE49F /* main.m in Sources */ = {isa = PBXBuildFile; fileRef = 15055E4E13913F0A003DE49F /* main.m */; };
		15055E5213913F0A003DE49F /* upnpxdemoAppDelegate.m in Sources */ = {isa = PBXBuildFile; fileRef = 15055E5113913F0A003DE49F /* upnpxdemoAppDelegate.m */; };
		15055E5513913F0A003DE49F /* MainWindow.xib in Resources */ = {isa = PBXBuildFile; fileRef = 15055E5313913F0A003DE49F /* MainWindow.xib */; };
		15055E5813913F0A003DE49F /* RootViewController.m in Sources */ = {isa = PBXBuildFile; fileRef = 15055E5713913F0A003DE49F /* RootViewController.m */; };
		15055E5B13913F0A003DE49F /* RootViewController.xib in Resources */ = {isa = PBXBuildFile; fileRef = 15055E5913913F0A003DE49F /* RootViewController.xib */; };
		15063F1B1504F55600BC2ACD /* libupnpx.a in Frameworks */ = {isa = PBXBuildFile; fileRef = 15063F1A1504F55600BC2ACD /* libupnpx.a */; };
		155126E613BF4AF90042DEBF /* FolderViewController.m in Sources */ = {isa = PBXBuildFile; fileRef = 155126E413BF4AF90042DEBF /* FolderViewController.m */; };
		155126E713BF4AF90042DEBF /* FolderViewController.xib in Resources */ = {isa = PBXBuildFile; fileRef = 155126E513BF4AF90042DEBF /* FolderViewController.xib */; };
		155AC14F1502F87C00817BD9 /* PlayBack.m in Sources */ = {isa = PBXBuildFile; fileRef = 155AC14E1502F87C00817BD9 /* PlayBack.m */; };
/* End PBXBuildFile section */

/* Begin PBXFileReference section */
		15055E3D13913F0A003DE49F /* upnpxdemo.app */ = {isa = PBXFileReference; explicitFileType = wrapper.application; includeInIndex = 0; path = upnpxdemo.app; sourceTree = BUILT_PRODUCTS_DIR; };
		15055E4113913F0A003DE49F /* UIKit.framework */ = {isa = PBXFileReference; lastKnownFileType = wrapper.framework; name = UIKit.framework; path = System/Library/Frameworks/UIKit.framework; sourceTree = SDKROOT; };
		15055E4313913F0A003DE49F /* Foundation.framework */ = {isa = PBXFileReference; lastKnownFileType = wrapper.framework; name = Foundation.framework; path = System/Library/Frameworks/Foundation.framework; sourceTree = SDKROOT; };
		15055E4513913F0A003DE49F /* CoreGraphics.framework */ = {isa = PBXFileReference; lastKnownFileType = wrapper.framework; name = CoreGraphics.framework; path = System/Library/Frameworks/CoreGraphics.framework; sourceTree = SDKROOT; };
		15055E4913913F0A003DE49F /* upnpxdemo-Info.plist */ = {isa = PBXFileReference; lastKnownFileType = text.plist.xml; path = "upnpxdemo-Info.plist"; sourceTree = "<group>"; };
		15055E4B13913F0A003DE49F /* en */ = {isa = PBXFileReference; lastKnownFileType = text.plist.strings; name = en; path = en.lproj/InfoPlist.strings; sourceTree = "<group>"; };
		15055E4D13913F0A003DE49F /* upnpxdemo-Prefix.pch */ = {isa = PBXFileReference; lastKnownFileType = sourcecode.c.h; path = "upnpxdemo-Prefix.pch"; sourceTree = "<group>"; };
		15055E4E13913F0A003DE49F /* main.m */ = {isa = PBXFileReference; lastKnownFileType = sourcecode.c.objc; path = main.m; sourceTree = "<group>"; };
		15055E5013913F0A003DE49F /* upnpxdemoAppDelegate.h */ = {isa = PBXFileReference; lastKnownFileType = sourcecode.c.h; path = upnpxdemoAppDelegate.h; sourceTree = "<group>"; };
		15055E5113913F0A003DE49F /* upnpxdemoAppDelegate.m */ = {isa = PBXFileReference; lastKnownFileType = sourcecode.c.objc; path = upnpxdemoAppDelegate.m; sourceTree = "<group>"; };
		15055E5413913F0A003DE49F /* en */ = {isa = PBXFileReference; lastKnownFileType = file.xib; name = en; path = en.lproj/MainWindow.xib; sourceTree = "<group>"; };
		15055E5613913F0A003DE49F /* RootViewController.h */ = {isa = PBXFileReference; lastKnownFileType = sourcecode.c.h; path = RootViewController.h; sourceTree = "<group>"; };
		15055E5713913F0A003DE49F /* RootViewController.m */ = {isa = PBXFileReference; lastKnownFileType = sourcecode.c.objc; path = RootViewController.m; sourceTree = "<group>"; };
		15055E5A13913F0A003DE49F /* en */ = {isa = PBXFileReference; lastKnownFileType = file.xib; name = en; path = en.lproj/RootViewController.xib; sourceTree = "<group>"; };
		15063F1A1504F55600BC2ACD /* libupnpx.a */ = {isa = PBXFileReference; lastKnownFileType = archive.ar; name = libupnpx.a; path = "../upnpx/build/Debug-iphonesimulator/libupnpx.a"; sourceTree = "<group>"; };
		155126E313BF4AF90042DEBF /* FolderViewController.h */ = {isa = PBXFileReference; fileEncoding = 4; lastKnownFileType = sourcecode.c.h; path = FolderViewController.h; sourceTree = "<group>"; };
		155126E413BF4AF90042DEBF /* FolderViewController.m */ = {isa = PBXFileReference; fileEncoding = 4; lastKnownFileType = sourcecode.c.objc; path = FolderViewController.m; sourceTree = "<group>"; };
		155126E513BF4AF90042DEBF /* FolderViewController.xib */ = {isa = PBXFileReference; fileEncoding = 4; lastKnownFileType = file.xib; path = FolderViewController.xib; sourceTree = "<group>"; };
		155AC14D1502F87C00817BD9 /* PlayBack.h */ = {isa = PBXFileReference; fileEncoding = 4; lastKnownFileType = sourcecode.c.h; path = PlayBack.h; sourceTree = "<group>"; };
		155AC14E1502F87C00817BD9 /* PlayBack.m */ = {isa = PBXFileReference; fileEncoding = 4; lastKnownFileType = sourcecode.c.objc; path = PlayBack.m; sourceTree = "<group>"; };
/* End PBXFileReference section */

/* Begin PBXFrameworksBuildPhase section */
		15055E3A13913F0A003DE49F /* Frameworks */ = {
			isa = PBXFrameworksBuildPhase;
			buildActionMask = 2147483647;
			files = (
				15055E4213913F0A003DE49F /* UIKit.framework in Frameworks */,
				15055E4413913F0A003DE49F /* Foundation.framework in Frameworks */,
				15055E4613913F0A003DE49F /* CoreGraphics.framework in Frameworks */,
				15063F1B1504F55600BC2ACD /* libupnpx.a in Frameworks */,
			);
			runOnlyForDeploymentPostprocessing = 0;
		};
/* End PBXFrameworksBuildPhase section */

/* Begin PBXGroup section */
		15055E3213913F0A003DE49F = {
			isa = PBXGroup;
			children = (
				15063F1A1504F55600BC2ACD /* libupnpx.a */,
				15055E4713913F0A003DE49F /* upnpxdemo */,
				15055E4013913F0A003DE49F /* Frameworks */,
				15055E3E13913F0A003DE49F /* Products */,
			);
			sourceTree = "<group>";
		};
		15055E3E13913F0A003DE49F /* Products */ = {
			isa = PBXGroup;
			children = (
				15055E3D13913F0A003DE49F /* upnpxdemo.app */,
			);
			name = Products;
			sourceTree = "<group>";
		};
		15055E4013913F0A003DE49F /* Frameworks */ = {
			isa = PBXGroup;
			children = (
				15055E4113913F0A003DE49F /* UIKit.framework */,
				15055E4313913F0A003DE49F /* Foundation.framework */,
				15055E4513913F0A003DE49F /* CoreGraphics.framework */,
			);
			name = Frameworks;
			sourceTree = "<group>";
		};
		15055E4713913F0A003DE49F /* upnpxdemo */ = {
			isa = PBXGroup;
			children = (
				15055E5013913F0A003DE49F /* upnpxdemoAppDelegate.h */,
				15055E5113913F0A003DE49F /* upnpxdemoAppDelegate.m */,
				15055E5313913F0A003DE49F /* MainWindow.xib */,
				15055E5613913F0A003DE49F /* RootViewController.h */,
				15055E5713913F0A003DE49F /* RootViewController.m */,
				15055E5913913F0A003DE49F /* RootViewController.xib */,
				15055E4813913F0A003DE49F /* Supporting Files */,
				155126E313BF4AF90042DEBF /* FolderViewController.h */,
				155126E413BF4AF90042DEBF /* FolderViewController.m */,
				155126E513BF4AF90042DEBF /* FolderViewController.xib */,
				155AC14D1502F87C00817BD9 /* PlayBack.h */,
				155AC14E1502F87C00817BD9 /* PlayBack.m */,
			);
			path = upnpxdemo;
			sourceTree = "<group>";
		};
		15055E4813913F0A003DE49F /* Supporting Files */ = {
			isa = PBXGroup;
			children = (
				15055E4913913F0A003DE49F /* upnpxdemo-Info.plist */,
				15055E4A13913F0A003DE49F /* InfoPlist.strings */,
				15055E4D13913F0A003DE49F /* upnpxdemo-Prefix.pch */,
				15055E4E13913F0A003DE49F /* main.m */,
			);
			name = "Supporting Files";
			sourceTree = "<group>";
		};
/* End PBXGroup section */

/* Begin PBXNativeTarget section */
		15055E3C13913F0A003DE49F /* upnpxdemo */ = {
			isa = PBXNativeTarget;
			buildConfigurationList = 15055E5E13913F0A003DE49F /* Build configuration list for PBXNativeTarget "upnpxdemo" */;
			buildPhases = (
				15055E3913913F0A003DE49F /* Sources */,
				15055E3A13913F0A003DE49F /* Frameworks */,
				15055E3B13913F0A003DE49F /* Resources */,
			);
			buildRules = (
			);
			dependencies = (
			);
			name = upnpxdemo;
			productName = upnpxdemo;
			productReference = 15055E3D13913F0A003DE49F /* upnpxdemo.app */;
			productType = "com.apple.product-type.application";
		};
/* End PBXNativeTarget section */

/* Begin PBXProject section */
		15055E3413913F0A003DE49F /* Project object */ = {
			isa = PBXProject;
			attributes = {
				LastUpgradeCheck = 0420;
				ORGANIZATIONNAME = "Bruno Keymolen";
			};
			buildConfigurationList = 15055E3713913F0A003DE49F /* Build configuration list for PBXProject "upnpxdemo" */;
			compatibilityVersion = "Xcode 3.2";
			developmentRegion = English;
			hasScannedForEncodings = 0;
			knownRegions = (
				en,
			);
			mainGroup = 15055E3213913F0A003DE49F;
			productRefGroup = 15055E3E13913F0A003DE49F /* Products */;
			projectDirPath = "";
			projectRoot = "";
			targets = (
				15055E3C13913F0A003DE49F /* upnpxdemo */,
			);
		};
/* End PBXProject section */

/* Begin PBXResourcesBuildPhase section */
		15055E3B13913F0A003DE49F /* Resources */ = {
			isa = PBXResourcesBuildPhase;
			buildActionMask = 2147483647;
			files = (
				15055E4C13913F0A003DE49F /* InfoPlist.strings in Resources */,
				15055E5513913F0A003DE49F /* MainWindow.xib in Resources */,
				15055E5B13913F0A003DE49F /* RootViewController.xib in Resources */,
				155126E713BF4AF90042DEBF /* FolderViewController.xib in Resources */,
			);
			runOnlyForDeploymentPostprocessing = 0;
		};
/* End PBXResourcesBuildPhase section */

/* Begin PBXSourcesBuildPhase section */
		15055E3913913F0A003DE49F /* Sources */ = {
			isa = PBXSourcesBuildPhase;
			buildActionMask = 2147483647;
			files = (
				15055E4F13913F0A003DE49F /* main.m in Sources */,
				15055E5213913F0A003DE49F /* upnpxdemoAppDelegate.m in Sources */,
				15055E5813913F0A003DE49F /* RootViewController.m in Sources */,
				155126E613BF4AF90042DEBF /* FolderViewController.m in Sources */,
				155AC14F1502F87C00817BD9 /* PlayBack.m in Sources */,
			);
			runOnlyForDeploymentPostprocessing = 0;
		};
/* End PBXSourcesBuildPhase section */

/* Begin PBXVariantGroup section */
		15055E4A13913F0A003DE49F /* InfoPlist.strings */ = {
			isa = PBXVariantGroup;
			children = (
				15055E4B13913F0A003DE49F /* en */,
			);
			name = InfoPlist.strings;
			sourceTree = "<group>";
		};
		15055E5313913F0A003DE49F /* MainWindow.xib */ = {
			isa = PBXVariantGroup;
			children = (
				15055E5413913F0A003DE49F /* en */,
			);
			name = MainWindow.xib;
			sourceTree = "<group>";
		};
		15055E5913913F0A003DE49F /* RootViewController.xib */ = {
			isa = PBXVariantGroup;
			children = (
				15055E5A13913F0A003DE49F /* en */,
			);
			name = RootViewController.xib;
			sourceTree = "<group>";
		};
/* End PBXVariantGroup section */

/* Begin XCBuildConfiguration section */
		15055E5C13913F0A003DE49F /* Debug */ = {
			isa = XCBuildConfiguration;
			buildSettings = {
				ARCHS = "$(ARCHS_STANDARD_32_BIT)";
				"CODE_SIGN_IDENTITY[sdk=iphoneos*]" = "iPhone Developer";
				GCC_C_LANGUAGE_STANDARD = gnu99;
				GCC_OPTIMIZATION_LEVEL = 0;
				GCC_PREPROCESSOR_DEFINITIONS = DEBUG;
				GCC_SYMBOLS_PRIVATE_EXTERN = NO;
				GCC_VERSION = com.apple.compilers.llvmgcc42;
				GCC_WARN_ABOUT_RETURN_TYPE = YES;
				GCC_WARN_UNUSED_VARIABLE = YES;
				IPHONEOS_DEPLOYMENT_TARGET = 5.0;
				SDKROOT = iphoneos;
			};
			name = Debug;
		};
		15055E5D13913F0A003DE49F /* Release */ = {
			isa = XCBuildConfiguration;
			buildSettings = {
				ARCHS = "$(ARCHS_STANDARD_32_BIT)";
				"CODE_SIGN_IDENTITY[sdk=iphoneos*]" = "iPhone Developer";
				GCC_C_LANGUAGE_STANDARD = gnu99;
				GCC_VERSION = com.apple.compilers.llvmgcc42;
				GCC_WARN_ABOUT_RETURN_TYPE = YES;
				GCC_WARN_UNUSED_VARIABLE = YES;
				IPHONEOS_DEPLOYMENT_TARGET = 5.0;
				OTHER_CFLAGS = "-DNS_BLOCK_ASSERTIONS=1";
				SDKROOT = iphoneos;
			};
			name = Release;
		};
		15055E5F13913F0A003DE49F /* Debug */ = {
			isa = XCBuildConfiguration;
			buildSettings = {
				ALWAYS_SEARCH_USER_PATHS = NO;
				CODE_SIGN_IDENTITY = "iPhone Developer";
				"CODE_SIGN_IDENTITY[sdk=iphoneos*]" = "iPhone Developer: Bruno Keymolen (KR5XJUP8M2)";
				COPY_PHASE_STRIP = NO;
				GCC_DYNAMIC_NO_PIC = NO;
				GCC_PRECOMPILE_PREFIX_HEADER = YES;
				GCC_PREFIX_HEADER = "upnpxdemo/upnpxdemo-Prefix.pch";
				GCC_VERSION = com.apple.compilers.llvm.clang.1_0;
				INFOPLIST_FILE = "upnpxdemo/upnpxdemo-Info.plist";
				LIBRARY_SEARCH_PATHS = (
					"$(inherited)",
					"\"$(SRCROOT)/../upnpx/build/Debug-iphonesimulator\"",
					"\"$(SRCROOT)/../upnpx/build/Debug-iphoneos\"",
				);
				OTHER_LDFLAGS = (
					"-lstdc++",
					"-all_load",
				);
				PRODUCT_NAME = "$(TARGET_NAME)";
				PROVISIONING_PROFILE = "";
				"PROVISIONING_PROFILE[sdk=iphoneos*]" = "A2D69768-DD51-4616-83F4-A00206F17196";
				USER_HEADER_SEARCH_PATHS = "../../../src/api ../../../src/port/ios";
				WRAPPER_EXTENSION = app;
			};
			name = Debug;
		};
		15055E6013913F0A003DE49F /* Release */ = {
			isa = XCBuildConfiguration;
			buildSettings = {
				ALWAYS_SEARCH_USER_PATHS = NO;
				CODE_SIGN_IDENTITY = "iPhone Developer";
				"CODE_SIGN_IDENTITY[sdk=iphoneos*]" = "iPhone Developer: Bruno Keymolen (KR5XJUP8M2)";
				COPY_PHASE_STRIP = YES;
				GCC_PRECOMPILE_PREFIX_HEADER = YES;
				GCC_PREFIX_HEADER = "upnpxdemo/upnpxdemo-Prefix.pch";
				GCC_VERSION = com.apple.compilers.llvm.clang.1_0;
				INFOPLIST_FILE = "upnpxdemo/upnpxdemo-Info.plist";
				LIBRARY_SEARCH_PATHS = (
					"$(inherited)",
					"\"$(SRCROOT)/../upnpx/build/Debug-iphonesimulator\"",
					"\"$(SRCROOT)/../upnpx/build/Release-iphoneos\"",
					"\"$(SRCROOT)/../upnpx/build/Debug-iphoneos\"",
				);
				OTHER_LDFLAGS = (
					"-lstdc++",
					"-all_load",
				);
				PRODUCT_NAME = "$(TARGET_NAME)";
				PROVISIONING_PROFILE = "";
				"PROVISIONING_PROFILE[sdk=iphoneos*]" = "A2D69768-DD51-4616-83F4-A00206F17196";
				USER_HEADER_SEARCH_PATHS = "../../../src/api ../../../src/port/ios";
				VALIDATE_PRODUCT = YES;
				WRAPPER_EXTENSION = app;
			};
			name = Release;
		};
/* End XCBuildConfiguration section */

/* Begin XCConfigurationList section */
		15055E3713913F0A003DE49F /* Build configuration list for PBXProject "upnpxdemo" */ = {
			isa = XCConfigurationList;
			buildConfigurations = (
				15055E5C13913F0A003DE49F /* Debug */,
				15055E5D13913F0A003DE49F /* Release */,
			);
			defaultConfigurationIsVisible = 0;
			defaultConfigurationName = Release;
		};
		15055E5E13913F0A003DE49F /* Build configuration list for PBXNativeTarget "upnpxdemo" */ = {
			isa = XCConfigurationList;
			buildConfigurations = (
				15055E5F13913F0A003DE49F /* Debug */,
				15055E6013913F0A003DE49F /* Release */,
			);
			defaultConfigurationIsVisible = 0;
			defaultConfigurationName = Release;
		};
/* End XCConfigurationList section */
	};
	rootObject = 15055E3413913F0A003DE49F /* Project object */;
}
