// !$*UTF8*$!
{
	archiveVersion = 1;
	classes = {
	};
	objectVersion = 46;
	objects = {

/* Begin PBXBuildFile section */
		15BAC4CD132C1FB700F5C41A /* Cocoa.framework in Frameworks */ = {isa = PBXBuildFile; fileRef = 15BAC4CC132C1FB700F5C41A /* Cocoa.framework */; };
		15BAC4D7132C1FB700F5C41A /* InfoPlist.strings in Resources */ = {isa = PBXBuildFile; fileRef = 15BAC4D5132C1FB700F5C41A /* InfoPlist.strings */; };
		15BAC4DA132C1FB700F5C41A /* main.m in Sources */ = {isa = PBXBuildFile; fileRef = 15BAC4D9132C1FB700F5C41A /* main.m */; };
		15BAC4DD132C1FB700F5C41A /* Credits.rtf in Resources */ = {isa = PBXBuildFile; fileRef = 15BAC4DB132C1FB700F5C41A /* Credits.rtf */; };
		15BAC4E0132C1FB700F5C41A /* hellowoldAppDelegate.m in Sources */ = {isa = PBXBuildFile; fileRef = 15BAC4DF132C1FB700F5C41A /* hellowoldAppDelegate.m */; };
		15BAC4E3132C1FB700F5C41A /* MainMenu.xib in Resources */ = {isa = PBXBuildFile; fileRef = 15BAC4E1132C1FB700F5C41A /* MainMenu.xib */; };
/* End PBXBuildFile section */

/* Begin PBXFileReference section */
		15BAC4C8132C1FB700F5C41A /* hellowold.app */ = {isa = PBXFileReference; explicitFileType = wrapper.application; includeInIndex = 0; path = hellowold.app; sourceTree = BUILT_PRODUCTS_DIR; };
		15BAC4CC132C1FB700F5C41A /* Cocoa.framework */ = {isa = PBXFileReference; lastKnownFileType = wrapper.framework; name = Cocoa.framework; path = System/Library/Frameworks/Cocoa.framework; sourceTree = SDKROOT; };
		15BAC4CF132C1FB700F5C41A /* AppKit.framework */ = {isa = PBXFileReference; lastKnownFileType = wrapper.framework; name = AppKit.framework; path = System/Library/Frameworks/AppKit.framework; sourceTree = SDKROOT; };
		15BAC4D0132C1FB700F5C41A /* CoreData.framework */ = {isa = PBXFileReference; lastKnownFileType = wrapper.framework; name = CoreData.framework; path = System/Library/Frameworks/CoreData.framework; sourceTree = SDKROOT; };
		15BAC4D1132C1FB700F5C41A /* Foundation.framework */ = {isa = PBXFileReference; lastKnownFileType = wrapper.framework; name = Foundation.framework; path = System/Library/Frameworks/Foundation.framework; sourceTree = SDKROOT; };
		15BAC4D4132C1FB700F5C41A /* hellowold-Info.plist */ = {isa = PBXFileReference; lastKnownFileType = text.plist.xml; path = "hellowold-Info.plist"; sourceTree = "<group>"; };
		15BAC4D6132C1FB700F5C41A /* en */ = {isa = PBXFileReference; lastKnownFileType = text.plist.strings; name = en; path = en.lproj/InfoPlist.strings; sourceTree = "<group>"; };
		15BAC4D8132C1FB700F5C41A /* hellowold-Prefix.pch */ = {isa = PBXFileReference; lastKnownFileType = sourcecode.c.h; path = "hellowold-Prefix.pch"; sourceTree = "<group>"; };
		15BAC4D9132C1FB700F5C41A /* main.m */ = {isa = PBXFileReference; lastKnownFileType = sourcecode.c.objc; path = main.m; sourceTree = "<group>"; };
		15BAC4DC132C1FB700F5C41A /* en */ = {isa = PBXFileReference; lastKnownFileType = text.rtf; name = en; path = en.lproj/Credits.rtf; sourceTree = "<group>"; };
		15BAC4DE132C1FB700F5C41A /* hellowoldAppDelegate.h */ = {isa = PBXFileReference; lastKnownFileType = sourcecode.c.h; path = hellowoldAppDelegate.h; sourceTree = "<group>"; };
		15BAC4DF132C1FB700F5C41A /* hellowoldAppDelegate.m */ = {isa = PBXFileReference; lastKnownFileType = sourcecode.c.objc; path = hellowoldAppDelegate.m; sourceTree = "<group>"; };
		15BAC4E2132C1FB700F5C41A /* en */ = {isa = PBXFileReference; lastKnownFileType = file.xib; name = en; path = en.lproj/MainMenu.xib; sourceTree = "<group>"; };
/* End PBXFileReference section */

/* Begin PBXFrameworksBuildPhase section */
		15BAC4C5132C1FB700F5C41A /* Frameworks */ = {
			isa = PBXFrameworksBuildPhase;
			buildActionMask = 2147483647;
			files = (
				15BAC4CD132C1FB700F5C41A /* Cocoa.framework in Frameworks */,
			);
			runOnlyForDeploymentPostprocessing = 0;
		};
/* End PBXFrameworksBuildPhase section */

/* Begin PBXGroup section */
		15BAC4BD132C1FB600F5C41A = {
			isa = PBXGroup;
			children = (
				15BAC4D2132C1FB700F5C41A /* hellowold */,
				15BAC4CB132C1FB700F5C41A /* Frameworks */,
				15BAC4C9132C1FB700F5C41A /* Products */,
			);
			sourceTree = "<group>";
		};
		15BAC4C9132C1FB700F5C41A /* Products */ = {
			isa = PBXGroup;
			children = (
				15BAC4C8132C1FB700F5C41A /* hellowold.app */,
			);
			name = Products;
			sourceTree = "<group>";
		};
		15BAC4CB132C1FB700F5C41A /* Frameworks */ = {
			isa = PBXGroup;
			children = (
				15BAC4CC132C1FB700F5C41A /* Cocoa.framework */,
				15BAC4CE132C1FB700F5C41A /* Other Frameworks */,
			);
			name = Frameworks;
			sourceTree = "<group>";
		};
		15BAC4CE132C1FB700F5C41A /* Other Frameworks */ = {
			isa = PBXGroup;
			children = (
				15BAC4CF132C1FB700F5C41A /* AppKit.framework */,
				15BAC4D0132C1FB700F5C41A /* CoreData.framework */,
				15BAC4D1132C1FB700F5C41A /* Foundation.framework */,
			);
			name = "Other Frameworks";
			sourceTree = "<group>";
		};
		15BAC4D2132C1FB700F5C41A /* hellowold */ = {
			isa = PBXGroup;
			children = (
				15BAC4DE132C1FB700F5C41A /* hellowoldAppDelegate.h */,
				15BAC4DF132C1FB700F5C41A /* hellowoldAppDelegate.m */,
				15BAC4E1132C1FB700F5C41A /* MainMenu.xib */,
				15BAC4D3132C1FB700F5C41A /* Supporting Files */,
			);
			path = hellowold;
			sourceTree = "<group>";
		};
		15BAC4D3132C1FB700F5C41A /* Supporting Files */ = {
			isa = PBXGroup;
			children = (
				15BAC4D4132C1FB700F5C41A /* hellowold-Info.plist */,
				15BAC4D5132C1FB700F5C41A /* InfoPlist.strings */,
				15BAC4D8132C1FB700F5C41A /* hellowold-Prefix.pch */,
				15BAC4D9132C1FB700F5C41A /* main.m */,
				15BAC4DB132C1FB700F5C41A /* Credits.rtf */,
			);
			name = "Supporting Files";
			sourceTree = "<group>";
		};
/* End PBXGroup section */

/* Begin PBXNativeTarget section */
		15BAC4C7132C1FB700F5C41A /* hellowold */ = {
			isa = PBXNativeTarget;
			buildConfigurationList = 15BAC4E6132C1FB700F5C41A /* Build configuration list for PBXNativeTarget "hellowold" */;
			buildPhases = (
				15BAC4C4132C1FB700F5C41A /* Sources */,
				15BAC4C5132C1FB700F5C41A /* Frameworks */,
				15BAC4C6132C1FB700F5C41A /* Resources */,
			);
			buildRules = (
			);
			dependencies = (
			);
			name = hellowold;
			productName = hellowold;
			productReference = 15BAC4C8132C1FB700F5C41A /* hellowold.app */;
			productType = "com.apple.product-type.application";
		};
/* End PBXNativeTarget section */

/* Begin PBXProject section */
		15BAC4BF132C1FB600F5C41A /* Project object */ = {
			isa = PBXProject;
			attributes = {
				ORGANIZATIONNAME = "Bruno Keymolen";
			};
			buildConfigurationList = 15BAC4C2132C1FB600F5C41A /* Build configuration list for PBXProject "hellowold" */;
			compatibilityVersion = "Xcode 3.2";
			developmentRegion = English;
			hasScannedForEncodings = 0;
			knownRegions = (
				en,
			);
			mainGroup = 15BAC4BD132C1FB600F5C41A;
			productRefGroup = 15BAC4C9132C1FB700F5C41A /* Products */;
			projectDirPath = "";
			projectRoot = "";
			targets = (
				15BAC4C7132C1FB700F5C41A /* hellowold */,
			);
		};
/* End PBXProject section */

/* Begin PBXResourcesBuildPhase section */
		15BAC4C6132C1FB700F5C41A /* Resources */ = {
			isa = PBXResourcesBuildPhase;
			buildActionMask = 2147483647;
			files = (
				15BAC4D7132C1FB700F5C41A /* InfoPlist.strings in Resources */,
				15BAC4DD132C1FB700F5C41A /* Credits.rtf in Resources */,
				15BAC4E3132C1FB700F5C41A /* MainMenu.xib in Resources */,
			);
			runOnlyForDeploymentPostprocessing = 0;
		};
/* End PBXResourcesBuildPhase section */

/* Begin PBXSourcesBuildPhase section */
		15BAC4C4132C1FB700F5C41A /* Sources */ = {
			isa = PBXSourcesBuildPhase;
			buildActionMask = 2147483647;
			files = (
				15BAC4DA132C1FB700F5C41A /* main.m in Sources */,
				15BAC4E0132C1FB700F5C41A /* hellowoldAppDelegate.m in Sources */,
			);
			runOnlyForDeploymentPostprocessing = 0;
		};
/* End PBXSourcesBuildPhase section */

/* Begin PBXVariantGroup section */
		15BAC4D5132C1FB700F5C41A /* InfoPlist.strings */ = {
			isa = PBXVariantGroup;
			children = (
				15BAC4D6132C1FB700F5C41A /* en */,
			);
			name = InfoPlist.strings;
			sourceTree = "<group>";
		};
		15BAC4DB132C1FB700F5C41A /* Credits.rtf */ = {
			isa = PBXVariantGroup;
			children = (
				15BAC4DC132C1FB700F5C41A /* en */,
			);
			name = Credits.rtf;
			sourceTree = "<group>";
		};
		15BAC4E1132C1FB700F5C41A /* MainMenu.xib */ = {
			isa = PBXVariantGroup;
			children = (
				15BAC4E2132C1FB700F5C41A /* en */,
			);
			name = MainMenu.xib;
			sourceTree = "<group>";
		};
/* End PBXVariantGroup section */

/* Begin XCBuildConfiguration section */
		15BAC4E4132C1FB700F5C41A /* Debug */ = {
			isa = XCBuildConfiguration;
			buildSettings = {
				ARCHS = "$(ARCHS_STANDARD_32_64_BIT)";
				GCC_C_LANGUAGE_STANDARD = gnu99;
				GCC_OPTIMIZATION_LEVEL = 0;
				GCC_PREPROCESSOR_DEFINITIONS = DEBUG;
				GCC_SYMBOLS_PRIVATE_EXTERN = NO;
				GCC_VERSION = com.apple.compilers.llvm.clang.1_0;
				GCC_WARN_64_TO_32_BIT_CONVERSION = YES;
				GCC_WARN_ABOUT_RETURN_TYPE = YES;
				GCC_WARN_UNUSED_VARIABLE = YES;
				MACOSX_DEPLOYMENT_TARGET = 10.6;
				ONLY_ACTIVE_ARCH = YES;
				SDKROOT = macosx;
				STANDARD_C_PLUS_PLUS_LIBRARY_TYPE = static;
			};
			name = Debug;
		};
		15BAC4E5132C1FB700F5C41A /* Release */ = {
			isa = XCBuildConfiguration;
			buildSettings = {
				ARCHS = "$(ARCHS_STANDARD_32_64_BIT)";
				GCC_C_LANGUAGE_STANDARD = gnu99;
				GCC_VERSION = com.apple.compilers.llvm.clang.1_0;
				GCC_WARN_64_TO_32_BIT_CONVERSION = YES;
				GCC_WARN_ABOUT_RETURN_TYPE = YES;
				GCC_WARN_UNUSED_VARIABLE = YES;
				MACOSX_DEPLOYMENT_TARGET = 10.6;
				ONLY_ACTIVE_ARCH = YES;
				SDKROOT = macosx;
				STANDARD_C_PLUS_PLUS_LIBRARY_TYPE = static;
			};
			name = Release;
		};
		15BAC4E7132C1FB700F5C41A /* Debug */ = {
			isa = XCBuildConfiguration;
			buildSettings = {
				ALWAYS_SEARCH_USER_PATHS = NO;
				COPY_PHASE_STRIP = NO;
				GCC_DYNAMIC_NO_PIC = NO;
				GCC_ENABLE_OBJC_EXCEPTIONS = YES;
				GCC_PRECOMPILE_PREFIX_HEADER = YES;
				GCC_PREFIX_HEADER = "hellowold/hellowold-Prefix.pch";
				INFOPLIST_FILE = "hellowold/hellowold-Info.plist";
				"OTHER_LDFLAGS[arch=*]" = ../upnpx/build/Debug/libupnpx.a;
				"PRELINK_LIBS[arch=*]" = "";
				PRODUCT_NAME = "$(TARGET_NAME)";
				USER_HEADER_SEARCH_PATHS = "../../../src/api ../../../src/port/macos";
				WRAPPER_EXTENSION = app;
			};
			name = Debug;
		};
		15BAC4E8132C1FB700F5C41A /* Release */ = {
			isa = XCBuildConfiguration;
			buildSettings = {
				ALWAYS_SEARCH_USER_PATHS = NO;
				COPY_PHASE_STRIP = YES;
				DEBUG_INFORMATION_FORMAT = "dwarf-with-dsym";
				GCC_ENABLE_OBJC_EXCEPTIONS = YES;
				GCC_PRECOMPILE_PREFIX_HEADER = YES;
				GCC_PREFIX_HEADER = "hellowold/hellowold-Prefix.pch";
				INFOPLIST_FILE = "hellowold/hellowold-Info.plist";
				OTHER_LDFLAGS = ../upnpx/build/Release/libupnpx.a;
				PRELINK_LIBS = "";
				PRODUCT_NAME = "$(TARGET_NAME)";
				USER_HEADER_SEARCH_PATHS = "../../../src/api ../../../src/port/macos";
				WRAPPER_EXTENSION = app;
			};
			name = Release;
		};
/* End XCBuildConfiguration section */

/* Begin XCConfigurationList section */
		15BAC4C2132C1FB600F5C41A /* Build configuration list for PBXProject "hellowold" */ = {
			isa = XCConfigurationList;
			buildConfigurations = (
				15BAC4E4132C1FB700F5C41A /* Debug */,
				15BAC4E5132C1FB700F5C41A /* Release */,
			);
			defaultConfigurationIsVisible = 0;
			defaultConfigurationName = Release;
		};
		15BAC4E6132C1FB700F5C41A /* Build configuration list for PBXNativeTarget "hellowold" */ = {
			isa = XCConfigurationList;
			buildConfigurations = (
				15BAC4E7132C1FB700F5C41A /* Debug */,
				15BAC4E8132C1FB700F5C41A /* Release */,
			);
			defaultConfigurationIsVisible = 0;
			defaultConfigurationName = Release;
		};
/* End XCConfigurationList section */
	};
	rootObject = 15BAC4BF132C1FB600F5C41A /* Project object */;
}
